github.com/dmgard/resample v0.0.0-20250912131257-f674d11b69e9 h1:Qs+z46FxPwkVgGOKueIbo1X7/YXj0XEZ+2EszHSkujM=
github.com/dmgard/resample v0.0.0-20250912131257-f674d11b69e9/go.mod h1:L3FBhhp8MeFM3ELKZQXlsQtuisuLDW2F4dCpbML16YM=
github.com/dmgard/resample v0.0.0-20250913070849-0f2a7ee35661 h1:2/5caVYjp1ac88mHMu5oWaVJItgzjVgsUcON1dKxBjA=
github.com/dmgard/resample v0.0.0-20250913070849-0f2a7ee35661/go.mod h1:L3FBhhp8MeFM3ELKZQXlsQtuisuLDW2F4dCpbML16YM=
github.com/klauspost/cpuid/v2 v2.3.0 h1:S4CRMLnYUhGeDFDqkGriYKdfoFlDnMtqTiI/sFzhA9Y=
github.com/klauspost/cpuid/v2 v2.3.0/go.mod h1:hqwkgyIinND0mEev00jJYCxPNVRVXFQeu1XKlok6oO0=
github.com/zeozeozeo/gomplerate v0.0.0-20250404113140-0fbb236df825 h1:rViu1xhQRtdJogc39jF46PS01xHVD736JowXl2qOcPM=
github.com/zeozeozeo/gomplerate v0.0.0-20250404113140-0fbb236df825/go.mod h1:ASuMFHITnaVdPvMkoDGI4tTwYG9fW7Mxv2j5AuvTo8Q=
golang.org/x/sys v0.35.0 h1:vz1N37gP5bs89s7He8XuIYXpyY0+QlsKmzipCbUtyxI=
golang.org/x/sys v0.35.0/go.mod h1:BJP2sWEmIv4KK5OTEluFJCKSidICx8ciO85XgH3Ak8k=
golang.org/x/sys v0.36.0 h1:KVRy2GtZBrk1cBYA7MKu5bEZFxQk4NIDV6RLVcC8o0k=
golang.org/x/sys v0.36.0/go.mod h1:OgkHotnGiDImocRcuBABYBEXf8A9a87e/uXjp9XT3ks=
